PODS:
  - iOSSnapshotTestCase (6.0.3):
    - iOSSnapshotTestCase/SwiftSupport (= 6.0.3)
  - iOSSnapshotTestCase/Core (6.0.3)
  - iOSSnapshotTestCase/SwiftSupport (6.0.3):
    - iOSSnapshotTestCase/Core
  - Nimble (8.0.1)
  - Quick (2.1.0)

DEPENDENCIES:
  - iOSSnapshotTestCase
  - Nimble
  - Quick

SPEC REPOS:
  https://github.com/cocoapods/specs.git:
    - iOSSnapshotTestCase
    - Nimble
    - Quick

SPEC CHECKSUMS:
  iOSSnapshotTestCase: 944a73f6d9676302811a86c0cf35f0e6ef5ab2a0
  Nimble: 45f786ae66faa9a709624227fae502db55a8bdd0
  Quick: 4be43f6634acfa727dd106bdf3929ce125ffa79d

PODFILE CHECKSUM: 9903a38e1448898ea2dd91e304067a667f6c382e

COCOAPODS: 1.5.3
